
Microsoft Visual Studio Solution File, Format Version 12.00
# Visual Studio 14
VisualStudioVersion = 14.0.25420.1
MinimumVisualStudioVersion = 10.0.40219.1
Project("{FAE04EC0-301F-11D3-BF4B-00C04F79EFBC}") = "WebServiceDemo", "WebServiceDemo\WebServiceDemo.csproj", "{3BC814F5-DA04-4E6E-9D73-CB9D2964AACC}"
EndProject
Project("{FAE04EC0-301F-11D3-BF4B-00C04F79EFBC}") = "WebClientDemo", "WebClientDemo\WebClientDemo.csproj", "{B362517D-6CEC-4D8D-BD85-F039F93E96BB}"
EndProject
Global
	GlobalSection(SolutionConfigurationPlatforms) = preSolution
		Debug|Any CPU = Debug|Any CPU
		Release|Any CPU = Release|Any CPU
	EndGlobalSection
	GlobalSection(ProjectConfigurationPlatforms) = postSolution
		{3BC814F5-DA04-4E6E-9D73-CB9D2964AACC}.Debug|Any CPU.ActiveCfg = Debug|Any CPU
		{3BC814F5-DA04-4E6E-9D73-CB9D2964AACC}.Debug|Any CPU.Build.0 = Debug|Any CPU
		{3BC814F5-DA04-4E6E-9D73-CB9D2964AACC}.Release|Any CPU.ActiveCfg = Release|Any CPU
		{3BC814F5-DA04-4E6E-9D73-CB9D2964AACC}.Release|Any CPU.Build.0 = Release|Any CPU
		{B362517D-6CEC-4D8D-BD85-F039F93E96BB}.Debug|Any CPU.ActiveCfg = Debug|Any CPU
		{B362517D-6CEC-4D8D-BD85-F039F93E96BB}.Debug|Any CPU.Build.0 = Debug|Any CPU
		{B362517D-6CEC-4D8D-BD85-F039F93E96BB}.Release|Any CPU.ActiveCfg = Release|Any CPU
		{B362517D-6CEC-4D8D-BD85-F039F93E96BB}.Release|Any CPU.Build.0 = Release|Any CPU
	EndGlobalSection
	GlobalSection(SolutionProperties) = preSolution
		HideSolutionNode = FALSE
	EndGlobalSection
EndGlobal
