
Microsoft Visual Studio Solution File, Format Version 12.00
# Visual Studio 14
VisualStudioVersion = 14.0.25420.1
MinimumVisualStudioVersion = 10.0.40219.1
Project("{8BC9CEB8-8B4A-11D0-8D11-00A0C91BC942}") = "ConApp7_circle", "ConApp7_circle\ConApp7_circle.vcxproj", "{BF0540FC-C2DA-43BC-8934-046D3419EFDF}"
EndProject
Global
	GlobalSection(SolutionConfigurationPlatforms) = preSolution
		Debug|x64 = Debug|x64
		Debug|x86 = Debug|x86
		Release|x64 = Release|x64
		Release|x86 = Release|x86
	EndGlobalSection
	GlobalSection(ProjectConfigurationPlatforms) = postSolution
		{BF0540FC-C2DA-43BC-8934-046D3419EFDF}.Debug|x64.ActiveCfg = Debug|x64
		{BF0540FC-C2DA-43BC-8934-046D3419EFDF}.Debug|x64.Build.0 = Debug|x64
		{BF0540FC-C2DA-43BC-8934-046D3419EFDF}.Debug|x86.ActiveCfg = Debug|Win32
		{BF0540FC-C2DA-43BC-8934-046D3419EFDF}.Debug|x86.Build.0 = Debug|Win32
		{BF0540FC-C2DA-43BC-8934-046D3419EFDF}.Release|x64.ActiveCfg = Release|x64
		{BF0540FC-C2DA-43BC-8934-046D3419EFDF}.Release|x64.Build.0 = Release|x64
		{BF0540FC-C2DA-43BC-8934-046D3419EFDF}.Release|x86.ActiveCfg = Release|Win32
		{BF0540FC-C2DA-43BC-8934-046D3419EFDF}.Release|x86.Build.0 = Release|Win32
	EndGlobalSection
	GlobalSection(SolutionProperties) = preSolution
		HideSolutionNode = FALSE
	EndGlobalSection
EndGlobal
