
Microsoft Visual Studio Solution File, Format Version 12.00
# Visual Studio 14
VisualStudioVersion = 14.0.25420.1
MinimumVisualStudioVersion = 10.0.40219.1
Project("{FAE04EC0-301F-11D3-BF4B-00C04F79EFBC}") = "WinFA_call_k32CPP", "WinFA_call_k32CPP\WinFA_call_k32CPP.csproj", "{A5E09DEC-48C2-4BFB-A7A1-CEE5F6B2FAAD}"
EndProject
Global
	GlobalSection(SolutionConfigurationPlatforms) = preSolution
		Debug|Any CPU = Debug|Any CPU
		Release|Any CPU = Release|Any CPU
	EndGlobalSection
	GlobalSection(ProjectConfigurationPlatforms) = postSolution
		{A5E09DEC-48C2-4BFB-A7A1-CEE5F6B2FAAD}.Debug|Any CPU.ActiveCfg = Debug|Any CPU
		{A5E09DEC-48C2-4BFB-A7A1-CEE5F6B2FAAD}.Debug|Any CPU.Build.0 = Debug|Any CPU
		{A5E09DEC-48C2-4BFB-A7A1-CEE5F6B2FAAD}.Release|Any CPU.ActiveCfg = Release|Any CPU
		{A5E09DEC-48C2-4BFB-A7A1-CEE5F6B2FAAD}.Release|Any CPU.Build.0 = Release|Any CPU
	EndGlobalSection
	GlobalSection(SolutionProperties) = preSolution
		HideSolutionNode = FALSE
	EndGlobalSection
EndGlobal
